// !$*UTF8*$!
{
	archiveVersion = 1;
	classes = {
	};
	objectVersion = 77;
	objects = {

/* Begin PBXBuildFile section */
		CB5D93942EFE8EE800F02156 /* WidgetKit.framework in Frameworks */ = {isa = PBXBuildFile; fileRef = CB5D93932EFE8EE800F02156 /* WidgetKit.framework */; };
		CB5D93962EFE8EE800F02156 /* SwiftUI.framework in Frameworks */ = {isa = PBXBuildFile; fileRef = CB5D93952EFE8EE800F02156 /* SwiftUI.framework */; };
		CB5D93A32EFE8EE900F02156 /* ExpenseActivityWidgetExtension.appex in Embed Foundation Extensions */ = {isa = PBXBuildFile; fileRef = CB5D93912EFE8EE800F02156 /* ExpenseActivityWidgetExtension.appex */; settings = {ATTRIBUTES = (RemoveHeadersOnCopy, ); }; };
		CB62F6402F02641900E61643 /* IntentsUI.framework in Frameworks */ = {isa = PBXBuildFile; fileRef = CB62F63F2F02641900E61643 /* IntentsUI.framework */; };
		CB62F64A2F02641900E61643 /* ShowExpenseIntentUI.appex in Embed Foundation Extensions */ = {isa = PBXBuildFile; fileRef = CB62F63E2F02641900E61643 /* ShowExpenseIntentUI.appex */; settings = {ATTRIBUTES = (RemoveHeadersOnCopy, ); }; };
		CB62F6592F02690A00E61643 /* IntentsUI.framework in Frameworks */ = {isa = PBXBuildFile; fileRef = CB62F63F2F02641900E61643 /* IntentsUI.framework */; };
		CB62F6632F02690A00E61643 /* ShowExpenseIntentExtension.appex in Embed Foundation Extensions */ = {isa = PBXBuildFile; fileRef = CB62F6582F02690A00E61643 /* ShowExpenseIntentExtension.appex */; settings = {ATTRIBUTES = (RemoveHeadersOnCopy, ); }; };
/* End PBXBuildFile section */

/* Begin PBXContainerItemProxy section */
		CB5D93A12EFE8EE900F02156 /* PBXContainerItemProxy */ = {
			isa = PBXContainerItemProxy;
			containerPortal = CB6D398F2EF91466003BC8A1 /* Project object */;
			proxyType = 1;
			remoteGlobalIDString = CB5D93902EFE8EE800F02156;
			remoteInfo = ExpenseActivityWidgetExtension;
		};
		CB62F6482F02641900E61643 /* PBXContainerItemProxy */ = {
			isa = PBXContainerItemProxy;
			containerPortal = CB6D398F2EF91466003BC8A1 /* Project object */;
			proxyType = 1;
			remoteGlobalIDString = CB62F63D2F02641900E61643;
			remoteInfo = ShowExpenseIntentUI;
		};
		CB62F6612F02690A00E61643 /* PBXContainerItemProxy */ = {
			isa = PBXContainerItemProxy;
			containerPortal = CB6D398F2EF91466003BC8A1 /* Project object */;
			proxyType = 1;
			remoteGlobalIDString = CB62F6572F02690A00E61643;
			remoteInfo = ShowExpenseIntentExtension;
		};
		CB6D39A52EF91467003BC8A1 /* PBXContainerItemProxy */ = {
			isa = PBXContainerItemProxy;
			containerPortal = CB6D398F2EF91466003BC8A1 /* Project object */;
			proxyType = 1;
			remoteGlobalIDString = CB6D39962EF91466003BC8A1;
			remoteInfo = AppIntent;
		};
		CB6D39AF2EF91467003BC8A1 /* PBXContainerItemProxy */ = {
			isa = PBXContainerItemProxy;
			containerPortal = CB6D398F2EF91466003BC8A1 /* Project object */;
			proxyType = 1;
			remoteGlobalIDString = CB6D39962EF91466003BC8A1;
			remoteInfo = AppIntent;
		};
/* End PBXContainerItemProxy section */

/* Begin PBXCopyFilesBuildPhase section */
		CB5D93A82EFE8EE900F02156 /* Embed Foundation Extensions */ = {
			isa = PBXCopyFilesBuildPhase;
			buildActionMask = 2147483647;
			dstPath = "";
			dstSubfolderSpec = 13;
			files = (
				CB62F64A2F02641900E61643 /* ShowExpenseIntentUI.appex in Embed Foundation Extensions */,
				CB62F6632F02690A00E61643 /* ShowExpenseIntentExtension.appex in Embed Foundation Extensions */,
				CB5D93A32EFE8EE900F02156 /* ExpenseActivityWidgetExtension.appex in Embed Foundation Extensions */,
			);
			name = "Embed Foundation Extensions";
			runOnlyForDeploymentPostprocessing = 0;
		};
/* End PBXCopyFilesBuildPhase section */

/* Begin PBXFileReference section */
		CB5D93912EFE8EE800F02156 /* ExpenseActivityWidgetExtension.appex */ = {isa = PBXFileReference; explicitFileType = "wrapper.app-extension"; includeInIndex = 0; path = ExpenseActivityWidgetExtension.appex; sourceTree = BUILT_PRODUCTS_DIR; };
		CB5D93932EFE8EE800F02156 /* WidgetKit.framework */ = {isa = PBXFileReference; lastKnownFileType = wrapper.framework; name = WidgetKit.framework; path = System/Library/Frameworks/WidgetKit.framework; sourceTree = SDKROOT; };
		CB5D93952EFE8EE800F02156 /* SwiftUI.framework */ = {isa = PBXFileReference; lastKnownFileType = wrapper.framework; name = SwiftUI.framework; path = System/Library/Frameworks/SwiftUI.framework; sourceTree = SDKROOT; };
		CB62F63E2F02641900E61643 /* ShowExpenseIntentUI.appex */ = {isa = PBXFileReference; explicitFileType = "wrapper.app-extension"; includeInIndex = 0; path = ShowExpenseIntentUI.appex; sourceTree = BUILT_PRODUCTS_DIR; };
		CB62F63F2F02641900E61643 /* IntentsUI.framework */ = {isa = PBXFileReference; lastKnownFileType = wrapper.framework; name = IntentsUI.framework; path = System/Library/Frameworks/IntentsUI.framework; sourceTree = SDKROOT; };
		CB62F6582F02690A00E61643 /* ShowExpenseIntentExtension.appex */ = {isa = PBXFileReference; explicitFileType = "wrapper.app-extension"; includeInIndex = 0; path = ShowExpenseIntentExtension.appex; sourceTree = BUILT_PRODUCTS_DIR; };
		CB6D39972EF91466003BC8A1 /* AppIntent.app */ = {isa = PBXFileReference; explicitFileType = wrapper.application; includeInIndex = 0; path = AppIntent.app; sourceTree = BUILT_PRODUCTS_DIR; };
		CB6D39A42EF91467003BC8A1 /* AppIntentTests.xctest */ = {isa = PBXFileReference; explicitFileType = wrapper.cfbundle; includeInIndex = 0; path = AppIntentTests.xctest; sourceTree = BUILT_PRODUCTS_DIR; };
		CB6D39AE2EF91467003BC8A1 /* AppIntentUITests.xctest */ = {isa = PBXFileReference; explicitFileType = wrapper.cfbundle; includeInIndex = 0; path = AppIntentUITests.xctest; sourceTree = BUILT_PRODUCTS_DIR; };
/* End PBXFileReference section */

/* Begin PBXFileSystemSynchronizedBuildFileExceptionSet section */
		CB5D93A42EFE8EE900F02156 /* Exceptions for "ExpenseActivityWidget" folder in "ExpenseActivityWidgetExtension" target */ = {
			isa = PBXFileSystemSynchronizedBuildFileExceptionSet;
			membershipExceptions = (
				Info.plist,
			);
			target = CB5D93902EFE8EE800F02156 /* ExpenseActivityWidgetExtension */;
		};
		CB62F64D2F02641900E61643 /* Exceptions for "ShowExpenseIntentUI" folder in "ShowExpenseIntentUI" target */ = {
			isa = PBXFileSystemSynchronizedBuildFileExceptionSet;
			membershipExceptions = (
				Info.plist,
			);
			target = CB62F63D2F02641900E61643 /* ShowExpenseIntentUI */;
		};
		CB62F6642F02690A00E61643 /* Exceptions for "ShowExpenseIntentExtension" folder in "ShowExpenseIntentExtension" target */ = {
			isa = PBXFileSystemSynchronizedBuildFileExceptionSet;
			membershipExceptions = (
				Info.plist,
			);
			target = CB62F6572F02690A00E61643 /* ShowExpenseIntentExtension */;
		};
		CB7367FC2F036C1800251A2C /* Exceptions for "AppIntent" folder in "AppIntent" target */ = {
			isa = PBXFileSystemSynchronizedBuildFileExceptionSet;
			membershipExceptions = (
				Info.plist,
			);
			target = CB6D39962EF91466003BC8A1 /* AppIntent */;
		};
/* End PBXFileSystemSynchronizedBuildFileExceptionSet section */

/* Begin PBXFileSystemSynchronizedRootGroup section */
		CB5D93972EFE8EE800F02156 /* ExpenseActivityWidget */ = {
			isa = PBXFileSystemSynchronizedRootGroup;
			exceptions = (
				CB5D93A42EFE8EE900F02156 /* Exceptions for "ExpenseActivityWidget" folder in "ExpenseActivityWidgetExtension" target */,
			);
			path = ExpenseActivityWidget;
			sourceTree = "<group>";
		};
		CB62F6412F02641900E61643 /* ShowExpenseIntentUI */ = {
			isa = PBXFileSystemSynchronizedRootGroup;
			exceptions = (
				CB62F64D2F02641900E61643 /* Exceptions for "ShowExpenseIntentUI" folder in "ShowExpenseIntentUI" target */,
			);
			path = ShowExpenseIntentUI;
			sourceTree = "<group>";
		};
		CB62F65A2F02690A00E61643 /* ShowExpenseIntentExtension */ = {
			isa = PBXFileSystemSynchronizedRootGroup;
			exceptions = (
				CB62F6642F02690A00E61643 /* Exceptions for "ShowExpenseIntentExtension" folder in "ShowExpenseIntentExtension" target */,
			);
			path = ShowExpenseIntentExtension;
			sourceTree = "<group>";
		};
		CB6D39992EF91466003BC8A1 /* AppIntent */ = {
			isa = PBXFileSystemSynchronizedRootGroup;
			exceptions = (
				CB7367FC2F036C1800251A2C /* Exceptions for "AppIntent" folder in "AppIntent" target */,
			);
			path = AppIntent;
			sourceTree = "<group>";
		};
		CB6D39A72EF91467003BC8A1 /* AppIntentTests */ = {
			isa = PBXFileSystemSynchronizedRootGroup;
			path = AppIntentTests;
			sourceTree = "<group>";
		};
		CB6D39B12EF91467003BC8A1 /* AppIntentUITests */ = {
			isa = PBXFileSystemSynchronizedRootGroup;
			path = AppIntentUITests;
			sourceTree = "<group>";
		};
/* End PBXFileSystemSynchronizedRootGroup section */

/* Begin PBXFrameworksBuildPhase section */
		CB5D938E2EFE8EE800F02156 /* Frameworks */ = {
			isa = PBXFrameworksBuildPhase;
			buildActionMask = 2147483647;
			files = (
				CB5D93962EFE8EE800F02156 /* SwiftUI.framework in Frameworks */,
				CB5D93942EFE8EE800F02156 /* WidgetKit.framework in Frameworks */,
			);
			runOnlyForDeploymentPostprocessing = 0;
		};
		CB62F63B2F02641900E61643 /* Frameworks */ = {
			isa = PBXFrameworksBuildPhase;
			buildActionMask = 2147483647;
			files = (
				CB62F6402F02641900E61643 /* IntentsUI.framework in Frameworks */,
			);
			runOnlyForDeploymentPostprocessing = 0;
		};
		CB62F6552F02690A00E61643 /* Frameworks */ = {
			isa = PBXFrameworksBuildPhase;
			buildActionMask = 2147483647;
			files = (
				CB62F6592F02690A00E61643 /* IntentsUI.framework in Frameworks */,
			);
			runOnlyForDeploymentPostprocessing = 0;
		};
		CB6D39942EF91466003BC8A1 /* Frameworks */ = {
			isa = PBXFrameworksBuildPhase;
			buildActionMask = 2147483647;
			files = (
			);
			runOnlyForDeploymentPostprocessing = 0;
		};
		CB6D39A12EF91467003BC8A1 /* Frameworks */ = {
			isa = PBXFrameworksBuildPhase;
			buildActionMask = 2147483647;
			files = (
			);
			runOnlyForDeploymentPostprocessing = 0;
		};
		CB6D39AB2EF91467003BC8A1 /* Frameworks */ = {
			isa = PBXFrameworksBuildPhase;
			buildActionMask = 2147483647;
			files = (
			);
			runOnlyForDeploymentPostprocessing = 0;
		};
/* End PBXFrameworksBuildPhase section */

/* Begin PBXGroup section */
		CB5D93922EFE8EE800F02156 /* Frameworks */ = {
			isa = PBXGroup;
			children = (
				CB5D93932EFE8EE800F02156 /* WidgetKit.framework */,
				CB5D93952EFE8EE800F02156 /* SwiftUI.framework */,
				CB62F63F2F02641900E61643 /* IntentsUI.framework */,
			);
			name = Frameworks;
			sourceTree = "<group>";
		};
		CB6D398E2EF91466003BC8A1 = {
			isa = PBXGroup;
			children = (
				CB6D39992EF91466003BC8A1 /* AppIntent */,
				CB6D39A72EF91467003BC8A1 /* AppIntentTests */,
				CB6D39B12EF91467003BC8A1 /* AppIntentUITests */,
				CB5D93972EFE8EE800F02156 /* ExpenseActivityWidget */,
				CB62F6412F02641900E61643 /* ShowExpenseIntentUI */,
				CB62F65A2F02690A00E61643 /* ShowExpenseIntentExtension */,
				CB5D93922EFE8EE800F02156 /* Frameworks */,
				CB6D39982EF91466003BC8A1 /* Products */,
			);
			sourceTree = "<group>";
		};
		CB6D39982EF91466003BC8A1 /* Products */ = {
			isa = PBXGroup;
			children = (
				CB6D39972EF91466003BC8A1 /* AppIntent.app */,
				CB6D39A42EF91467003BC8A1 /* AppIntentTests.xctest */,
				CB6D39AE2EF91467003BC8A1 /* AppIntentUITests.xctest */,
				CB5D93912EFE8EE800F02156 /* ExpenseActivityWidgetExtension.appex */,
				CB62F63E2F02641900E61643 /* ShowExpenseIntentUI.appex */,
				CB62F6582F02690A00E61643 /* ShowExpenseIntentExtension.appex */,
			);
			name = Products;
			sourceTree = "<group>";
		};
/* End PBXGroup section */

/* Begin PBXNativeTarget section */
		CB5D93902EFE8EE800F02156 /* ExpenseActivityWidgetExtension */ = {
			isa = PBXNativeTarget;
			buildConfigurationList = CB5D93A52EFE8EE900F02156 /* Build configuration list for PBXNativeTarget "ExpenseActivityWidgetExtension" */;
			buildPhases = (
				CB5D938D2EFE8EE800F02156 /* Sources */,
				CB5D938E2EFE8EE800F02156 /* Frameworks */,
				CB5D938F2EFE8EE800F02156 /* Resources */,
			);
			buildRules = (
			);
			dependencies = (
			);
			fileSystemSynchronizedGroups = (
				CB5D93972EFE8EE800F02156 /* ExpenseActivityWidget */,
			);
			name = ExpenseActivityWidgetExtension;
			packageProductDependencies = (
			);
			productName = ExpenseActivityWidgetExtension;
			productReference = CB5D93912EFE8EE800F02156 /* ExpenseActivityWidgetExtension.appex */;
			productType = "com.apple.product-type.app-extension";
		};
		CB62F63D2F02641900E61643 /* ShowExpenseIntentUI */ = {
			isa = PBXNativeTarget;
			buildConfigurationList = CB62F64E2F02641900E61643 /* Build configuration list for PBXNativeTarget "ShowExpenseIntentUI" */;
			buildPhases = (
				CB62F63A2F02641900E61643 /* Sources */,
				CB62F63B2F02641900E61643 /* Frameworks */,
				CB62F63C2F02641900E61643 /* Resources */,
			);
			buildRules = (
			);
			dependencies = (
			);
			fileSystemSynchronizedGroups = (
				CB62F6412F02641900E61643 /* ShowExpenseIntentUI */,
			);
			name = ShowExpenseIntentUI;
			packageProductDependencies = (
			);
			productName = ShowExpenseIntentUI;
			productReference = CB62F63E2F02641900E61643 /* ShowExpenseIntentUI.appex */;
			productType = "com.apple.product-type.app-extension";
		};
		CB62F6572F02690A00E61643 /* ShowExpenseIntentExtension */ = {
			isa = PBXNativeTarget;
			buildConfigurationList = CB62F6652F02690A00E61643 /* Build configuration list for PBXNativeTarget "ShowExpenseIntentExtension" */;
			buildPhases = (
				CB62F6542F02690A00E61643 /* Sources */,
				CB62F6552F02690A00E61643 /* Frameworks */,
				CB62F6562F02690A00E61643 /* Resources */,
			);
			buildRules = (
			);
			dependencies = (
			);
			fileSystemSynchronizedGroups = (
				CB62F65A2F02690A00E61643 /* ShowExpenseIntentExtension */,
			);
			name = ShowExpenseIntentExtension;
			packageProductDependencies = (
			);
			productName = ShowExpenseIntentExtension;
			productReference = CB62F6582F02690A00E61643 /* ShowExpenseIntentExtension.appex */;
			productType = "com.apple.product-type.app-extension";
		};
		CB6D39962EF91466003BC8A1 /* AppIntent */ = {
			isa = PBXNativeTarget;
			buildConfigurationList = CB6D39B82EF91467003BC8A1 /* Build configuration list for PBXNativeTarget "AppIntent" */;
			buildPhases = (
				CB6D39932EF91466003BC8A1 /* Sources */,
				CB6D39942EF91466003BC8A1 /* Frameworks */,
				CB6D39952EF91466003BC8A1 /* Resources */,
				CB5D93A82EFE8EE900F02156 /* Embed Foundation Extensions */,
			);
			buildRules = (
			);
			dependencies = (
				CB5D93A22EFE8EE900F02156 /* PBXTargetDependency */,
				CB62F6492F02641900E61643 /* PBXTargetDependency */,
				CB62F6622F02690A00E61643 /* PBXTargetDependency */,
			);
			fileSystemSynchronizedGroups = (
				CB6D39992EF91466003BC8A1 /* AppIntent */,
			);
			name = AppIntent;
			packageProductDependencies = (
			);
			productName = AppIntent;
			productReference = CB6D39972EF91466003BC8A1 /* AppIntent.app */;
			productType = "com.apple.product-type.application";
		};
		CB6D39A32EF91467003BC8A1 /* AppIntentTests */ = {
			isa = PBXNativeTarget;
			buildConfigurationList = CB6D39BB2EF91467003BC8A1 /* Build configuration list for PBXNativeTarget "AppIntentTests" */;
			buildPhases = (
				CB6D39A02EF91467003BC8A1 /* Sources */,
				CB6D39A12EF91467003BC8A1 /* Frameworks */,
				CB6D39A22EF91467003BC8A1 /* Resources */,
			);
			buildRules = (
			);
			dependencies = (
				CB6D39A62EF91467003BC8A1 /* PBXTargetDependency */,
			);
			fileSystemSynchronizedGroups = (
				CB6D39A72EF91467003BC8A1 /* AppIntentTests */,
			);
			name = AppIntentTests;
			packageProductDependencies = (
			);
			productName = AppIntentTests;
			productReference = CB6D39A42EF91467003BC8A1 /* AppIntentTests.xctest */;
			productType = "com.apple.product-type.bundle.unit-test";
		};
		CB6D39AD2EF91467003BC8A1 /* AppIntentUITests */ = {
			isa = PBXNativeTarget;
			buildConfigurationList = CB6D39BE2EF91467003BC8A1 /* Build configuration list for PBXNativeTarget "AppIntentUITests" */;
			buildPhases = (
				CB6D39AA2EF91467003BC8A1 /* Sources */,
				CB6D39AB2EF91467003BC8A1 /* Frameworks */,
				CB6D39AC2EF91467003BC8A1 /* Resources */,
			);
			buildRules = (
			);
			dependencies = (
				CB6D39B02EF91467003BC8A1 /* PBXTargetDependency */,
			);
			fileSystemSynchronizedGroups = (
				CB6D39B12EF91467003BC8A1 /* AppIntentUITests */,
			);
			name = AppIntentUITests;
			packageProductDependencies = (
			);
			productName = AppIntentUITests;
			productReference = CB6D39AE2EF91467003BC8A1 /* AppIntentUITests.xctest */;
			productType = "com.apple.product-type.bundle.ui-testing";
		};
/* End PBXNativeTarget section */

/* Begin PBXProject section */
		CB6D398F2EF91466003BC8A1 /* Project object */ = {
			isa = PBXProject;
			attributes = {
				BuildIndependentTargetsInParallel = 1;
				LastSwiftUpdateCheck = 1640;
				LastUpgradeCheck = 1640;
				TargetAttributes = {
					CB5D93902EFE8EE800F02156 = {
						CreatedOnToolsVersion = 16.4;
					};
					CB62F63D2F02641900E61643 = {
						CreatedOnToolsVersion = 16.4;
					};
					CB62F6572F02690A00E61643 = {
						CreatedOnToolsVersion = 16.4;
					};
					CB6D39962EF91466003BC8A1 = {
						CreatedOnToolsVersion = 16.4;
					};
					CB6D39A32EF91467003BC8A1 = {
						CreatedOnToolsVersion = 16.4;
						TestTargetID = CB6D39962EF91466003BC8A1;
					};
					CB6D39AD2EF91467003BC8A1 = {
						CreatedOnToolsVersion = 16.4;
						TestTargetID = CB6D39962EF91466003BC8A1;
					};
				};
			};
			buildConfigurationList = CB6D39922EF91466003BC8A1 /* Build configuration list for PBXProject "AppIntent" */;
			developmentRegion = en;
			hasScannedForEncodings = 0;
			knownRegions = (
				en,
				Base,
			);
			mainGroup = CB6D398E2EF91466003BC8A1;
			minimizedProjectReferenceProxies = 1;
			preferredProjectObjectVersion = 77;
			productRefGroup = CB6D39982EF91466003BC8A1 /* Products */;
			projectDirPath = "";
			projectRoot = "";
			targets = (
				CB6D39962EF91466003BC8A1 /* AppIntent */,
				CB6D39A32EF91467003BC8A1 /* AppIntentTests */,
				CB6D39AD2EF91467003BC8A1 /* AppIntentUITests */,
				CB5D93902EFE8EE800F02156 /* ExpenseActivityWidgetExtension */,
				CB62F63D2F02641900E61643 /* ShowExpenseIntentUI */,
				CB62F6572F02690A00E61643 /* ShowExpenseIntentExtension */,
			);
		};
/* End PBXProject section */

/* Begin PBXResourcesBuildPhase section */
		CB5D938F2EFE8EE800F02156 /* Resources */ = {
			isa = PBXResourcesBuildPhase;
			buildActionMask = 2147483647;
			files = (
			);
			runOnlyForDeploymentPostprocessing = 0;
		};
		CB62F63C2F02641900E61643 /* Resources */ = {
			isa = PBXResourcesBuildPhase;
			buildActionMask = 2147483647;
			files = (
			);
			runOnlyForDeploymentPostprocessing = 0;
		};
		CB62F6562F02690A00E61643 /* Resources */ = {
			isa = PBXResourcesBuildPhase;
			buildActionMask = 2147483647;
			files = (
			);
			runOnlyForDeploymentPostprocessing = 0;
		};
		CB6D39952EF91466003BC8A1 /* Resources */ = {
			isa = PBXResourcesBuildPhase;
			buildActionMask = 2147483647;
			files = (
			);
			runOnlyForDeploymentPostprocessing = 0;
		};
		CB6D39A22EF91467003BC8A1 /* Resources */ = {
			isa = PBXResourcesBuildPhase;
			buildActionMask = 2147483647;
			files = (
			);
			runOnlyForDeploymentPostprocessing = 0;
		};
		CB6D39AC2EF91467003BC8A1 /* Resources */ = {
			isa = PBXResourcesBuildPhase;
			buildActionMask = 2147483647;
			files = (
			);
			runOnlyForDeploymentPostprocessing = 0;
		};
/* End PBXResourcesBuildPhase section */

/* Begin PBXSourcesBuildPhase section */
		CB5D938D2EFE8EE800F02156 /* Sources */ = {
			isa = PBXSourcesBuildPhase;
			buildActionMask = 2147483647;
			files = (
			);
			runOnlyForDeploymentPostprocessing = 0;
		};
		CB62F63A2F02641900E61643 /* Sources */ = {
			isa = PBXSourcesBuildPhase;
			buildActionMask = 2147483647;
			files = (
			);
			runOnlyForDeploymentPostprocessing = 0;
		};
		CB62F6542F02690A00E61643 /* Sources */ = {
			isa = PBXSourcesBuildPhase;
			buildActionMask = 2147483647;
			files = (
			);
			runOnlyForDeploymentPostprocessing = 0;
		};
		CB6D39932EF91466003BC8A1 /* Sources */ = {
			isa = PBXSourcesBuildPhase;
			buildActionMask = 2147483647;
			files = (
			);
			runOnlyForDeploymentPostprocessing = 0;
		};
		CB6D39A02EF91467003BC8A1 /* Sources */ = {
			isa = PBXSourcesBuildPhase;
			buildActionMask = 2147483647;
			files = (
			);
			runOnlyForDeploymentPostprocessing = 0;
		};
		CB6D39AA2EF91467003BC8A1 /* Sources */ = {
			isa = PBXSourcesBuildPhase;
			buildActionMask = 2147483647;
			files = (
			);
			runOnlyForDeploymentPostprocessing = 0;
		};
/* End PBXSourcesBuildPhase section */

/* Begin PBXTargetDependency section */
		CB5D93A22EFE8EE900F02156 /* PBXTargetDependency */ = {
			isa = PBXTargetDependency;
			target = CB5D93902EFE8EE800F02156 /* ExpenseActivityWidgetExtension */;
			targetProxy = CB5D93A12EFE8EE900F02156 /* PBXContainerItemProxy */;
		};
		CB62F6492F02641900E61643 /* PBXTargetDependency */ = {
			isa = PBXTargetDependency;
			target = CB62F63D2F02641900E61643 /* ShowExpenseIntentUI */;
			targetProxy = CB62F6482F02641900E61643 /* PBXContainerItemProxy */;
		};
		CB62F6622F02690A00E61643 /* PBXTargetDependency */ = {
			isa = PBXTargetDependency;
			target = CB62F6572F02690A00E61643 /* ShowExpenseIntentExtension */;
			targetProxy = CB62F6612F02690A00E61643 /* PBXContainerItemProxy */;
		};
		CB6D39A62EF91467003BC8A1 /* PBXTargetDependency */ = {
			isa = PBXTargetDependency;
			target = CB6D39962EF91466003BC8A1 /* AppIntent */;
			targetProxy = CB6D39A52EF91467003BC8A1 /* PBXContainerItemProxy */;
		};
		CB6D39B02EF91467003BC8A1 /* PBXTargetDependency */ = {
			isa = PBXTargetDependency;
			target = CB6D39962EF91466003BC8A1 /* AppIntent */;
			targetProxy = CB6D39AF2EF91467003BC8A1 /* PBXContainerItemProxy */;
		};
/* End PBXTargetDependency section */

/* Begin XCBuildConfiguration section */
		CB5D93A62EFE8EE900F02156 /* Debug */ = {
			isa = XCBuildConfiguration;
			buildSettings = {
				ASSETCATALOG_COMPILER_GLOBAL_ACCENT_COLOR_NAME = AccentColor;
				ASSETCATALOG_COMPILER_WIDGET_BACKGROUND_COLOR_NAME = WidgetBackground;
				CODE_SIGN_ENTITLEMENTS = ExpenseActivityWidget/ExpenseActivityWidget.entitlements;
				CODE_SIGN_STYLE = Automatic;
				CURRENT_PROJECT_VERSION = 1;
				DEVELOPMENT_TEAM = DMR5SZUGP9;
				GENERATE_INFOPLIST_FILE = YES;
				INFOPLIST_FILE = ExpenseActivityWidget/Info.plist;
				INFOPLIST_KEY_CFBundleDisplayName = ExpenseActivityWidget;
				INFOPLIST_KEY_NSHumanReadableCopyright = "";
				LD_RUNPATH_SEARCH_PATHS = (
					"$(inherited)",
					"@executable_path/Frameworks",
					"@executable_path/../../Frameworks",
				);
				MARKETING_VERSION = 1.0;
				PRODUCT_BUNDLE_IDENTIFIER = com.dm.AppIntent.ExpenseActivityWidget;
				PRODUCT_NAME = "$(TARGET_NAME)";
				SKIP_INSTALL = YES;
				SWIFT_EMIT_LOC_STRINGS = YES;
				SWIFT_VERSION = 5.0;
				TARGETED_DEVICE_FAMILY = "1,2";
			};
			name = Debug;
		};
		CB5D93A72EFE8EE900F02156 /* Release */ = {
			isa = XCBuildConfiguration;
			buildSettings = {
				ASSETCATALOG_COMPILER_GLOBAL_ACCENT_COLOR_NAME = AccentColor;
				ASSETCATALOG_COMPILER_WIDGET_BACKGROUND_COLOR_NAME = WidgetBackground;
				CODE_SIGN_ENTITLEMENTS = ExpenseActivityWidget/ExpenseActivityWidget.entitlements;
				CODE_SIGN_STYLE = Automatic;
				CURRENT_PROJECT_VERSION = 1;
				DEVELOPMENT_TEAM = DMR5SZUGP9;
				GENERATE_INFOPLIST_FILE = YES;
				INFOPLIST_FILE = ExpenseActivityWidget/Info.plist;
				INFOPLIST_KEY_CFBundleDisplayName = ExpenseActivityWidget;
				INFOPLIST_KEY_NSHumanReadableCopyright = "";
				LD_RUNPATH_SEARCH_PATHS = (
					"$(inherited)",
					"@executable_path/Frameworks",
					"@executable_path/../../Frameworks",
				);
				MARKETING_VERSION = 1.0;
				PRODUCT_BUNDLE_IDENTIFIER = com.dm.AppIntent.ExpenseActivityWidget;
				PRODUCT_NAME = "$(TARGET_NAME)";
				SKIP_INSTALL = YES;
				SWIFT_EMIT_LOC_STRINGS = YES;
				SWIFT_VERSION = 5.0;
				TARGETED_DEVICE_FAMILY = "1,2";
			};
			name = Release;
		};
		CB62F64B2F02641900E61643 /* Debug */ = {
			isa = XCBuildConfiguration;
			buildSettings = {
				CODE_SIGN_STYLE = Automatic;
				CURRENT_PROJECT_VERSION = 1;
				DEVELOPMENT_TEAM = DMR5SZUGP9;
				GENERATE_INFOPLIST_FILE = YES;
				INFOPLIST_FILE = ShowExpenseIntentUI/Info.plist;
				INFOPLIST_KEY_CFBundleDisplayName = ShowExpenseIntentUI;
				INFOPLIST_KEY_NSHumanReadableCopyright = "";
				LD_RUNPATH_SEARCH_PATHS = (
					"$(inherited)",
					"@executable_path/Frameworks",
					"@executable_path/../../Frameworks",
				);
				MARKETING_VERSION = 1.0;
				PRODUCT_BUNDLE_IDENTIFIER = com.dm.AppIntent.ShowExpenseIntentUI;
				PRODUCT_NAME = "$(TARGET_NAME)";
				SKIP_INSTALL = YES;
				SWIFT_EMIT_LOC_STRINGS = YES;
				SWIFT_VERSION = 5.0;
				TARGETED_DEVICE_FAMILY = "1,2";
			};
			name = Debug;
		};
		CB62F64C2F02641900E61643 /* Release */ = {
			isa = XCBuildConfiguration;
			buildSettings = {
				CODE_SIGN_STYLE = Automatic;
				CURRENT_PROJECT_VERSION = 1;
				DEVELOPMENT_TEAM = DMR5SZUGP9;
				GENERATE_INFOPLIST_FILE = YES;
				INFOPLIST_FILE = ShowExpenseIntentUI/Info.plist;
				INFOPLIST_KEY_CFBundleDisplayName = ShowExpenseIntentUI;
				INFOPLIST_KEY_NSHumanReadableCopyright = "";
				LD_RUNPATH_SEARCH_PATHS = (
					"$(inherited)",
					"@executable_path/Frameworks",
					"@executable_path/../../Frameworks",
				);
				MARKETING_VERSION = 1.0;
				PRODUCT_BUNDLE_IDENTIFIER = com.dm.AppIntent.ShowExpenseIntentUI;
				PRODUCT_NAME = "$(TARGET_NAME)";
				SKIP_INSTALL = YES;
				SWIFT_EMIT_LOC_STRINGS = YES;
				SWIFT_VERSION = 5.0;
				TARGETED_DEVICE_FAMILY = "1,2";
			};
			name = Release;
		};
		CB62F6662F02690A00E61643 /* Debug */ = {
			isa = XCBuildConfiguration;
			buildSettings = {
				CODE_SIGN_STYLE = Automatic;
				CURRENT_PROJECT_VERSION = 1;
				DEVELOPMENT_TEAM = DMR5SZUGP9;
				GENERATE_INFOPLIST_FILE = YES;
				INFOPLIST_FILE = ShowExpenseIntentExtension/Info.plist;
				INFOPLIST_KEY_CFBundleDisplayName = ShowExpenseIntentExtension;
				INFOPLIST_KEY_NSHumanReadableCopyright = "";
				LD_RUNPATH_SEARCH_PATHS = (
					"$(inherited)",
					"@executable_path/Frameworks",
					"@executable_path/../../Frameworks",
				);
				MARKETING_VERSION = 1.0;
				PRODUCT_BUNDLE_IDENTIFIER = com.dm.AppIntent.ShowExpenseIntentExtension;
				PRODUCT_NAME = "$(TARGET_NAME)";
				SKIP_INSTALL = YES;
				SWIFT_EMIT_LOC_STRINGS = YES;
				SWIFT_VERSION = 5.0;
				TARGETED_DEVICE_FAMILY = "1,2";
			};
			name = Debug;
		};
		CB62F6672F02690A00E61643 /* Release */ = {
			isa = XCBuildConfiguration;
			buildSettings = {
				CODE_SIGN_STYLE = Automatic;
				CURRENT_PROJECT_VERSION = 1;
				DEVELOPMENT_TEAM = DMR5SZUGP9;
				GENERATE_INFOPLIST_FILE = YES;
				INFOPLIST_FILE = ShowExpenseIntentExtension/Info.plist;
				INFOPLIST_KEY_CFBundleDisplayName = ShowExpenseIntentExtension;
				INFOPLIST_KEY_NSHumanReadableCopyright = "";
				LD_RUNPATH_SEARCH_PATHS = (
					"$(inherited)",
					"@executable_path/Frameworks",
					"@executable_path/../../Frameworks",
				);
				MARKETING_VERSION = 1.0;
				PRODUCT_BUNDLE_IDENTIFIER = com.dm.AppIntent.ShowExpenseIntentExtension;
				PRODUCT_NAME = "$(TARGET_NAME)";
				SKIP_INSTALL = YES;
				SWIFT_EMIT_LOC_STRINGS = YES;
				SWIFT_VERSION = 5.0;
				TARGETED_DEVICE_FAMILY = "1,2";
			};
			name = Release;
		};
		CB6D39B62EF91467003BC8A1 /* Debug */ = {
			isa = XCBuildConfiguration;
			buildSettings = {
				ALWAYS_SEARCH_USER_PATHS = NO;
				ASSETCATALOG_COMPILER_GENERATE_SWIFT_ASSET_SYMBOL_EXTENSIONS = YES;
				CLANG_ANALYZER_NONNULL = YES;
				CLANG_ANALYZER_NUMBER_OBJECT_CONVERSION = YES_AGGRESSIVE;
				CLANG_CXX_LANGUAGE_STANDARD = "gnu++20";
				CLANG_ENABLE_MODULES = YES;
				CLANG_ENABLE_OBJC_ARC = YES;
				CLANG_ENABLE_OBJC_WEAK = YES;
				CLANG_WARN_BLOCK_CAPTURE_AUTORELEASING = YES;
				CLANG_WARN_BOOL_CONVERSION = YES;
				CLANG_WARN_COMMA = YES;
				CLANG_WARN_CONSTANT_CONVERSION = YES;
				CLANG_WARN_DEPRECATED_OBJC_IMPLEMENTATIONS = YES;
				CLANG_WARN_DIRECT_OBJC_ISA_USAGE = YES_ERROR;
				CLANG_WARN_DOCUMENTATION_COMMENTS = YES;
				CLANG_WARN_EMPTY_BODY = YES;
				CLANG_WARN_ENUM_CONVERSION = YES;
				CLANG_WARN_INFINITE_RECURSION = YES;
				CLANG_WARN_INT_CONVERSION = YES;
				CLANG_WARN_NON_LITERAL_NULL_CONVERSION = YES;
				CLANG_WARN_OBJC_IMPLICIT_RETAIN_SELF = YES;
				CLANG_WARN_OBJC_LITERAL_CONVERSION = YES;
				CLANG_WARN_OBJC_ROOT_CLASS = YES_ERROR;
				CLANG_WARN_QUOTED_INCLUDE_IN_FRAMEWORK_HEADER = YES;
				CLANG_WARN_RANGE_LOOP_ANALYSIS = YES;
				CLANG_WARN_STRICT_PROTOTYPES = YES;
				CLANG_WARN_SUSPICIOUS_MOVE = YES;
				CLANG_WARN_UNGUARDED_AVAILABILITY = YES_AGGRESSIVE;
				CLANG_WARN_UNREACHABLE_CODE = YES;
				CLANG_WARN__DUPLICATE_METHOD_MATCH = YES;
				COPY_PHASE_STRIP = NO;
				DEBUG_INFORMATION_FORMAT = dwarf;
				DEVELOPMENT_TEAM = DMR5SZUGP9;
				ENABLE_STRICT_OBJC_MSGSEND = YES;
				ENABLE_TESTABILITY = YES;
				ENABLE_USER_SCRIPT_SANDBOXING = YES;
				GCC_C_LANGUAGE_STANDARD = gnu17;
				GCC_DYNAMIC_NO_PIC = NO;
				GCC_NO_COMMON_BLOCKS = YES;
				GCC_OPTIMIZATION_LEVEL = 0;
				GCC_PREPROCESSOR_DEFINITIONS = (
					"DEBUG=1",
					"$(inherited)",
				);
				GCC_WARN_64_TO_32_BIT_CONVERSION = YES;
				GCC_WARN_ABOUT_RETURN_TYPE = YES_ERROR;
				GCC_WARN_UNDECLARED_SELECTOR = YES;
				GCC_WARN_UNINITIALIZED_AUTOS = YES_AGGRESSIVE;
				GCC_WARN_UNUSED_FUNCTION = YES;
				GCC_WARN_UNUSED_VARIABLE = YES;
				IPHONEOS_DEPLOYMENT_TARGET = 18.5;
				LOCALIZATION_PREFERS_STRING_CATALOGS = YES;
				MTL_ENABLE_DEBUG_INFO = INCLUDE_SOURCE;
				MTL_FAST_MATH = YES;
				ONLY_ACTIVE_ARCH = YES;
				SDKROOT = iphoneos;
				SWIFT_ACTIVE_COMPILATION_CONDITIONS = "DEBUG $(inherited)";
				SWIFT_OPTIMIZATION_LEVEL = "-Onone";
			};
			name = Debug;
		};
		CB6D39B72EF91467003BC8A1 /* Release */ = {
			isa = XCBuildConfiguration;
			buildSettings = {
				ALWAYS_SEARCH_USER_PATHS = NO;
				ASSETCATALOG_COMPILER_GENERATE_SWIFT_ASSET_SYMBOL_EXTENSIONS = YES;
				CLANG_ANALYZER_NONNULL = YES;
				CLANG_ANALYZER_NUMBER_OBJECT_CONVERSION = YES_AGGRESSIVE;
				CLANG_CXX_LANGUAGE_STANDARD = "gnu++20";
				CLANG_ENABLE_MODULES = YES;
				CLANG_ENABLE_OBJC_ARC = YES;
				CLANG_ENABLE_OBJC_WEAK = YES;
				CLANG_WARN_BLOCK_CAPTURE_AUTORELEASING = YES;
				CLANG_WARN_BOOL_CONVERSION = YES;
				CLANG_WARN_COMMA = YES;
				CLANG_WARN_CONSTANT_CONVERSION = YES;
				CLANG_WARN_DEPRECATED_OBJC_IMPLEMENTATIONS = YES;
				CLANG_WARN_DIRECT_OBJC_ISA_USAGE = YES_ERROR;
				CLANG_WARN_DOCUMENTATION_COMMENTS = YES;
				CLANG_WARN_EMPTY_BODY = YES;
				CLANG_WARN_ENUM_CONVERSION = YES;
				CLANG_WARN_INFINITE_RECURSION = YES;
				CLANG_WARN_INT_CONVERSION = YES;
				CLANG_WARN_NON_LITERAL_NULL_CONVERSION = YES;
				CLANG_WARN_OBJC_IMPLICIT_RETAIN_SELF = YES;
				CLANG_WARN_OBJC_LITERAL_CONVERSION = YES;
				CLANG_WARN_OBJC_ROOT_CLASS = YES_ERROR;
				CLANG_WARN_QUOTED_INCLUDE_IN_FRAMEWORK_HEADER = YES;
				CLANG_WARN_RANGE_LOOP_ANALYSIS = YES;
				CLANG_WARN_STRICT_PROTOTYPES = YES;
				CLANG_WARN_SUSPICIOUS_MOVE = YES;
				CLANG_WARN_UNGUARDED_AVAILABILITY = YES_AGGRESSIVE;
				CLANG_WARN_UNREACHABLE_CODE = YES;
				CLANG_WARN__DUPLICATE_METHOD_MATCH = YES;
				COPY_PHASE_STRIP = NO;
				DEBUG_INFORMATION_FORMAT = "dwarf-with-dsym";
				DEVELOPMENT_TEAM = DMR5SZUGP9;
				ENABLE_NS_ASSERTIONS = NO;
				ENABLE_STRICT_OBJC_MSGSEND = YES;
				ENABLE_USER_SCRIPT_SANDBOXING = YES;
				GCC_C_LANGUAGE_STANDARD = gnu17;
				GCC_NO_COMMON_BLOCKS = YES;
				GCC_WARN_64_TO_32_BIT_CONVERSION = YES;
				GCC_WARN_ABOUT_RETURN_TYPE = YES_ERROR;
				GCC_WARN_UNDECLARED_SELECTOR = YES;
				GCC_WARN_UNINITIALIZED_AUTOS = YES_AGGRESSIVE;
				GCC_WARN_UNUSED_FUNCTION = YES;
				GCC_WARN_UNUSED_VARIABLE = YES;
				IPHONEOS_DEPLOYMENT_TARGET = 18.5;
				LOCALIZATION_PREFERS_STRING_CATALOGS = YES;
				MTL_ENABLE_DEBUG_INFO = NO;
				MTL_FAST_MATH = YES;
				SDKROOT = iphoneos;
				SWIFT_COMPILATION_MODE = wholemodule;
				VALIDATE_PRODUCT = YES;
			};
			name = Release;
		};
		CB6D39B92EF91467003BC8A1 /* Debug */ = {
			isa = XCBuildConfiguration;
			buildSettings = {
				ASSETCATALOG_COMPILER_APPICON_NAME = AppIcon;
				ASSETCATALOG_COMPILER_GLOBAL_ACCENT_COLOR_NAME = AccentColor;
				CODE_SIGN_ENTITLEMENTS = AppIntent/AppIntent.entitlements;
				CODE_SIGN_STYLE = Automatic;
				CURRENT_PROJECT_VERSION = 1;
				DEVELOPMENT_TEAM = DMR5SZUGP9;
				ENABLE_PREVIEWS = YES;
				GENERATE_INFOPLIST_FILE = YES;
				INFOPLIST_FILE = AppIntent/Info.plist;
				"INFOPLIST_KEY_NSAppTransportSecurity[sdk=*]" = "{ NSAllowsArbitraryLoads = YES; }";
				INFOPLIST_KEY_NSBonjourServices = _http._tcp;
				INFOPLIST_KEY_NSLocalNetworkUsageDescription = "需要访问本地网络以连接后端服务进行账单识别";
				INFOPLIST_KEY_NSSupportsLiveActivities = YES;
				INFOPLIST_KEY_NSSupportsLiveActivitiesFrequentUpdates = YES;
				INFOPLIST_KEY_UIApplicationSceneManifest_Generation = YES;
				INFOPLIST_KEY_UIApplicationSupportsIndirectInputEvents = YES;
				INFOPLIST_KEY_UILaunchScreen_Generation = YES;
				INFOPLIST_KEY_UISupportedInterfaceOrientations_iPad = "UIInterfaceOrientationPortrait UIInterfaceOrientationPortraitUpsideDown UIInterfaceOrientationLandscapeLeft UIInterfaceOrientationLandscapeRight";
				INFOPLIST_KEY_UISupportedInterfaceOrientations_iPhone = "UIInterfaceOrientationPortrait UIInterfaceOrientationLandscapeLeft UIInterfaceOrientationLandscapeRight";
				LD_RUNPATH_SEARCH_PATHS = (
					"$(inherited)",
					"@executable_path/Frameworks",
				);
				MARKETING_VERSION = 1.0;
				PRODUCT_BUNDLE_IDENTIFIER = com.dm.AppIntent;
				PRODUCT_NAME = "$(TARGET_NAME)";
				SWIFT_EMIT_LOC_STRINGS = YES;
				SWIFT_VERSION = 5.0;
				TARGETED_DEVICE_FAMILY = "1,2";
			};
			name = Debug;
		};
		CB6D39BA2EF91467003BC8A1 /* Release */ = {
			isa = XCBuildConfiguration;
			buildSettings = {
				ASSETCATALOG_COMPILER_APPICON_NAME = AppIcon;
				ASSETCATALOG_COMPILER_GLOBAL_ACCENT_COLOR_NAME = AccentColor;
				CODE_SIGN_ENTITLEMENTS = AppIntent/AppIntent.entitlements;
				CODE_SIGN_STYLE = Automatic;
				CURRENT_PROJECT_VERSION = 1;
				DEVELOPMENT_TEAM = DMR5SZUGP9;
				ENABLE_PREVIEWS = YES;
				GENERATE_INFOPLIST_FILE = YES;
				INFOPLIST_FILE = AppIntent/Info.plist;
				"INFOPLIST_KEY_NSAppTransportSecurity[sdk=*]" = "{ NSAllowsArbitraryLoads = YES; }";
				INFOPLIST_KEY_NSBonjourServices = _http._tcp;
				INFOPLIST_KEY_NSLocalNetworkUsageDescription = "需要访问本地网络以连接后端服务进行账单识别";
				INFOPLIST_KEY_NSSupportsLiveActivities = YES;
				INFOPLIST_KEY_NSSupportsLiveActivitiesFrequentUpdates = YES;
				INFOPLIST_KEY_UIApplicationSceneManifest_Generation = YES;
				INFOPLIST_KEY_UIApplicationSupportsIndirectInputEvents = YES;
				INFOPLIST_KEY_UILaunchScreen_Generation = YES;
				INFOPLIST_KEY_UISupportedInterfaceOrientations_iPad = "UIInterfaceOrientationPortrait UIInterfaceOrientationPortraitUpsideDown UIInterfaceOrientationLandscapeLeft UIInterfaceOrientationLandscapeRight";
				INFOPLIST_KEY_UISupportedInterfaceOrientations_iPhone = "UIInterfaceOrientationPortrait UIInterfaceOrientationLandscapeLeft UIInterfaceOrientationLandscapeRight";
				LD_RUNPATH_SEARCH_PATHS = (
					"$(inherited)",
					"@executable_path/Frameworks",
				);
				MARKETING_VERSION = 1.0;
				PRODUCT_BUNDLE_IDENTIFIER = com.dm.AppIntent;
				PRODUCT_NAME = "$(TARGET_NAME)";
				SWIFT_EMIT_LOC_STRINGS = YES;
				SWIFT_VERSION = 5.0;
				TARGETED_DEVICE_FAMILY = "1,2";
			};
			name = Release;
		};
		CB6D39BC2EF91467003BC8A1 /* Debug */ = {
			isa = XCBuildConfiguration;
			buildSettings = {
				BUNDLE_LOADER = "$(TEST_HOST)";
				CODE_SIGN_STYLE = Automatic;
				CURRENT_PROJECT_VERSION = 1;
				DEVELOPMENT_TEAM = DMR5SZUGP9;
				GENERATE_INFOPLIST_FILE = YES;
				IPHONEOS_DEPLOYMENT_TARGET = 18.5;
				MARKETING_VERSION = 1.0;
				PRODUCT_BUNDLE_IDENTIFIER = com.dm.AppIntentTests;
				PRODUCT_NAME = "$(TARGET_NAME)";
				SWIFT_EMIT_LOC_STRINGS = NO;
				SWIFT_VERSION = 5.0;
				TARGETED_DEVICE_FAMILY = "1,2";
				TEST_HOST = "$(BUILT_PRODUCTS_DIR)/AppIntent.app/$(BUNDLE_EXECUTABLE_FOLDER_PATH)/AppIntent";
			};
			name = Debug;
		};
		CB6D39BD2EF91467003BC8A1 /* Release */ = {
			isa = XCBuildConfiguration;
			buildSettings = {
				BUNDLE_LOADER = "$(TEST_HOST)";
				CODE_SIGN_STYLE = Automatic;
				CURRENT_PROJECT_VERSION = 1;
				DEVELOPMENT_TEAM = DMR5SZUGP9;
				GENERATE_INFOPLIST_FILE = YES;
				IPHONEOS_DEPLOYMENT_TARGET = 18.5;
				MARKETING_VERSION = 1.0;
				PRODUCT_BUNDLE_IDENTIFIER = com.dm.AppIntentTests;
				PRODUCT_NAME = "$(TARGET_NAME)";
				SWIFT_EMIT_LOC_STRINGS = NO;
				SWIFT_VERSION = 5.0;
				TARGETED_DEVICE_FAMILY = "1,2";
				TEST_HOST = "$(BUILT_PRODUCTS_DIR)/AppIntent.app/$(BUNDLE_EXECUTABLE_FOLDER_PATH)/AppIntent";
			};
			name = Release;
		};
		CB6D39BF2EF91467003BC8A1 /* Debug */ = {
			isa = XCBuildConfiguration;
			buildSettings = {
				CODE_SIGN_STYLE = Automatic;
				CURRENT_PROJECT_VERSION = 1;
				DEVELOPMENT_TEAM = DMR5SZUGP9;
				GENERATE_INFOPLIST_FILE = YES;
				MARKETING_VERSION = 1.0;
				PRODUCT_BUNDLE_IDENTIFIER = com.dm.AppIntentUITests;
				PRODUCT_NAME = "$(TARGET_NAME)";
				SWIFT_EMIT_LOC_STRINGS = NO;
				SWIFT_VERSION = 5.0;
				TARGETED_DEVICE_FAMILY = "1,2";
				TEST_TARGET_NAME = AppIntent;
			};
			name = Debug;
		};
		CB6D39C02EF91467003BC8A1 /* Release */ = {
			isa = XCBuildConfiguration;
			buildSettings = {
				CODE_SIGN_STYLE = Automatic;
				CURRENT_PROJECT_VERSION = 1;
				DEVELOPMENT_TEAM = DMR5SZUGP9;
				GENERATE_INFOPLIST_FILE = YES;
				MARKETING_VERSION = 1.0;
				PRODUCT_BUNDLE_IDENTIFIER = com.dm.AppIntentUITests;
				PRODUCT_NAME = "$(TARGET_NAME)";
				SWIFT_EMIT_LOC_STRINGS = NO;
				SWIFT_VERSION = 5.0;
				TARGETED_DEVICE_FAMILY = "1,2";
				TEST_TARGET_NAME = AppIntent;
			};
			name = Release;
		};
/* End XCBuildConfiguration section */

/* Begin XCConfigurationList section */
		CB5D93A52EFE8EE900F02156 /* Build configuration list for PBXNativeTarget "ExpenseActivityWidgetExtension" */ = {
			isa = XCConfigurationList;
			buildConfigurations = (
				CB5D93A62EFE8EE900F02156 /* Debug */,
				CB5D93A72EFE8EE900F02156 /* Release */,
			);
			defaultConfigurationIsVisible = 0;
			defaultConfigurationName = Release;
		};
		CB62F64E2F02641900E61643 /* Build configuration list for PBXNativeTarget "ShowExpenseIntentUI" */ = {
			isa = XCConfigurationList;
			buildConfigurations = (
				CB62F64B2F02641900E61643 /* Debug */,
				CB62F64C2F02641900E61643 /* Release */,
			);
			defaultConfigurationIsVisible = 0;
			defaultConfigurationName = Release;
		};
		CB62F6652F02690A00E61643 /* Build configuration list for PBXNativeTarget "ShowExpenseIntentExtension" */ = {
			isa = XCConfigurationList;
			buildConfigurations = (
				CB62F6662F02690A00E61643 /* Debug */,
				CB62F6672F02690A00E61643 /* Release */,
			);
			defaultConfigurationIsVisible = 0;
			defaultConfigurationName = Release;
		};
		CB6D39922EF91466003BC8A1 /* Build configuration list for PBXProject "AppIntent" */ = {
			isa = XCConfigurationList;
			buildConfigurations = (
				CB6D39B62EF91467003BC8A1 /* Debug */,
				CB6D39B72EF91467003BC8A1 /* Release */,
			);
			defaultConfigurationIsVisible = 0;
			defaultConfigurationName = Release;
		};
		CB6D39B82EF91467003BC8A1 /* Build configuration list for PBXNativeTarget "AppIntent" */ = {
			isa = XCConfigurationList;
			buildConfigurations = (
				CB6D39B92EF91467003BC8A1 /* Debug */,
				CB6D39BA2EF91467003BC8A1 /* Release */,
			);
			defaultConfigurationIsVisible = 0;
			defaultConfigurationName = Release;
		};
		CB6D39BB2EF91467003BC8A1 /* Build configuration list for PBXNativeTarget "AppIntentTests" */ = {
			isa = XCConfigurationList;
			buildConfigurations = (
				CB6D39BC2EF91467003BC8A1 /* Debug */,
				CB6D39BD2EF91467003BC8A1 /* Release */,
			);
			defaultConfigurationIsVisible = 0;
			defaultConfigurationName = Release;
		};
		CB6D39BE2EF91467003BC8A1 /* Build configuration list for PBXNativeTarget "AppIntentUITests" */ = {
			isa = XCConfigurationList;
			buildConfigurations = (
				CB6D39BF2EF91467003BC8A1 /* Debug */,
				CB6D39C02EF91467003BC8A1 /* Release */,
			);
			defaultConfigurationIsVisible = 0;
			defaultConfigurationName = Release;
		};
/* End XCConfigurationList section */
	};
	rootObject = CB6D398F2EF91466003BC8A1 /* Project object */;
}
